
Microsoft Visual Studio Solution File, Format Version 12.00
# Visual Studio Version 17
VisualStudioVersion = 17.3.32804.467
MinimumVisualStudioVersion = 10.0.40219.1
Project("{FAE04EC0-301F-11D3-BF4B-00C04F79EFBC}") = "SportStore", "SportStore\SportStore.csproj", "{8A8E17AC-8B69-4E42-896C-5AEBF873A563}"
EndProject
Project("{FAE04EC0-301F-11D3-BF4B-00C04F79EFBC}") = "DataCreation", "DataCreation\DataCreation.csproj", "{0F41C78D-8C45-40B5-81E8-FF1C0265D97D}"
EndProject
Project("{FAE04EC0-301F-11D3-BF4B-00C04F79EFBC}") = "SportStore.Tests", "SportStore.Tests\SportStore.Tests.csproj", "{5DEF21A2-F57D-4910-8F13-9623C6A7BF59}"
EndProject
Global
	GlobalSection(SolutionConfigurationPlatforms) = preSolution
		Debug|Any CPU = Debug|Any CPU
		Release|Any CPU = Release|Any CPU
	EndGlobalSection
	GlobalSection(ProjectConfigurationPlatforms) = postSolution
		{8A8E17AC-8B69-4E42-896C-5AEBF873A563}.Debug|Any CPU.ActiveCfg = Debug|Any CPU
		{8A8E17AC-8B69-4E42-896C-5AEBF873A563}.Debug|Any CPU.Build.0 = Debug|Any CPU
		{8A8E17AC-8B69-4E42-896C-5AEBF873A563}.Release|Any CPU.ActiveCfg = Release|Any CPU
		{8A8E17AC-8B69-4E42-896C-5AEBF873A563}.Release|Any CPU.Build.0 = Release|Any CPU
		{0F41C78D-8C45-40B5-81E8-FF1C0265D97D}.Debug|Any CPU.ActiveCfg = Debug|Any CPU
		{0F41C78D-8C45-40B5-81E8-FF1C0265D97D}.Debug|Any CPU.Build.0 = Debug|Any CPU
		{0F41C78D-8C45-40B5-81E8-FF1C0265D97D}.Release|Any CPU.ActiveCfg = Release|Any CPU
		{0F41C78D-8C45-40B5-81E8-FF1C0265D97D}.Release|Any CPU.Build.0 = Release|Any CPU
		{5DEF21A2-F57D-4910-8F13-9623C6A7BF59}.Debug|Any CPU.ActiveCfg = Debug|Any CPU
		{5DEF21A2-F57D-4910-8F13-9623C6A7BF59}.Debug|Any CPU.Build.0 = Debug|Any CPU
		{5DEF21A2-F57D-4910-8F13-9623C6A7BF59}.Release|Any CPU.ActiveCfg = Release|Any CPU
		{5DEF21A2-F57D-4910-8F13-9623C6A7BF59}.Release|Any CPU.Build.0 = Release|Any CPU
	EndGlobalSection
	GlobalSection(SolutionProperties) = preSolution
		HideSolutionNode = FALSE
	EndGlobalSection
	GlobalSection(ExtensibilityGlobals) = postSolution
		SolutionGuid = {7E0BE7AA-4C91-4D8E-9925-194E0C547527}
	EndGlobalSection
EndGlobal
